
Microsoft Visual Studio Solution File, Format Version 12.00
# Visual Studio Version 17
VisualStudioVersion = 17.7.34202.233
MinimumVisualStudioVersion = 10.0.40219.1
Project("{FAE04EC0-301F-11D3-BF4B-00C04F79EFBC}") = "atividade--", "atividade--.csproj", "{5DBC23EE-BF99-426E-B647-D1844CD9A4AD}"
EndProject
Global
	GlobalSection(SolutionConfigurationPlatforms) = preSolution
		Debug|Any CPU = Debug|Any CPU
		Release|Any CPU = Release|Any CPU
	EndGlobalSection
	GlobalSection(ProjectConfigurationPlatforms) = postSolution
		{5DBC23EE-BF99-426E-B647-D1844CD9A4AD}.Debug|Any CPU.ActiveCfg = Debug|Any CPU
		{5DBC23EE-BF99-426E-B647-D1844CD9A4AD}.Debug|Any CPU.Build.0 = Debug|Any CPU
		{5DBC23EE-BF99-426E-B647-D1844CD9A4AD}.Release|Any CPU.ActiveCfg = Release|Any CPU
		{5DBC23EE-BF99-426E-B647-D1844CD9A4AD}.Release|Any CPU.Build.0 = Release|Any CPU
	EndGlobalSection
	GlobalSection(SolutionProperties) = preSolution
		HideSolutionNode = FALSE
	EndGlobalSection
	GlobalSection(ExtensibilityGlobals) = postSolution
		SolutionGuid = {CDCCFEFC-CDCC-41A9-9342-760358C41DFB}
	EndGlobalSection
EndGlobal
